
Microsoft Visual Studio Solution File, Format Version 12.00
# Visual Studio 15
VisualStudioVersion = 15.0.28307.271
MinimumVisualStudioVersion = 10.0.40219.1
Project("{FAE04EC0-301F-11D3-BF4B-00C04F79EFBC}") = "Assignment_Rectangle", "Assignment_Rectangle\Assignment_Rectangle.csproj", "{4C2E2EE7-3BC5-4629-9410-39FEAC3BA228}"
EndProject
Global
	GlobalSection(SolutionConfigurationPlatforms) = preSolution
		Debug|Any CPU = Debug|Any CPU
		Release|Any CPU = Release|Any CPU
	EndGlobalSection
	GlobalSection(ProjectConfigurationPlatforms) = postSolution
		{4C2E2EE7-3BC5-4629-9410-39FEAC3BA228}.Debug|Any CPU.ActiveCfg = Debug|Any CPU
		{4C2E2EE7-3BC5-4629-9410-39FEAC3BA228}.Debug|Any CPU.Build.0 = Debug|Any CPU
		{4C2E2EE7-3BC5-4629-9410-39FEAC3BA228}.Release|Any CPU.ActiveCfg = Release|Any CPU
		{4C2E2EE7-3BC5-4629-9410-39FEAC3BA228}.Release|Any CPU.Build.0 = Release|Any CPU
	EndGlobalSection
	GlobalSection(SolutionProperties) = preSolution
		HideSolutionNode = FALSE
	EndGlobalSection
	GlobalSection(ExtensibilityGlobals) = postSolution
		SolutionGuid = {2DEE055D-75D5-4FAB-837B-D8C7FD9EFBD3}
	EndGlobalSection
EndGlobal
